<?xml version="1.0" encoding="utf-8"?>
<Project ToolsVersion="4.0" xmlns="http://schemas.microsoft.com/developer/msbuild/2003">
  <ItemGroup>
    <Filter Include="Source Files">
      <UniqueIdentifier>{4FC737F1-C7A5-4376-A066-2A32D752A2FF}</UniqueIdentifier>
      <Extensions>cpp;c;cc;cxx;c++;cppm;ixx;def;odl;idl;hpj;bat;asm;asmx</Extensions>
    </Filter>
    <Filter Include="Header Files">
      <UniqueIdentifier>{93995380-89BD-4b04-88EB-625FBE52EBFB}</UniqueIdentifier>
      <Extensions>h;hh;hpp;hxx;h++;hm;inl;inc;ipp;xsd</Extensions>
    </Filter>
    <Filter Include="Resource Files">
      <UniqueIdentifier>{67DA6AB6-F800-4c08-8B7A-83BB121AAD01}</UniqueIdentifier>
      <Extensions>rc;ico;cur;bmp;dlg;rc2;rct;bin;rgs;gif;jpg;jpeg;jpe;resx;tiff;tif;png;wav;mfcribbon-ms</Extensions>
    </Filter>
  </ItemGroup>
  <ItemGroup>
    <ClInclude Include="..\..\..\Project_2\Materials\template-project-2\template-project-2\SDL2-2.0.10\include\begin_code.h">
      <Filter>Source Files</Filter>
    </ClInclude>
    <ClInclude Include="..\..\..\Project_2\Materials\template-project-2\template-project-2\SDL2-2.0.10\include\close_code.h">
      <Filter>Source Files</Filter>
    </ClInclude>
    <ClInclude Include="..\..\..\Project_2\Materials\template-project-2\template-project-2\SDL2-2.0.10\include\SDL.h">
      <Filter>Source Files</Filter>
    </ClInclude>
    <ClInclude Include="..\..\..\Project_2\Materials\template-project-2\template-project-2\SDL2-2.0.10\include\SDL_assert.h">
      <Filter>Source Files</Filter>
    </ClInclude>
    <ClInclude Include="..\..\..\Project_2\Materials\template-project-2\template-project-2\SDL2-2.0.10\include\SDL_atomic.h">
      <Filter>Source Files</Filter>
    </ClInclude>
    <ClInclude Include="..\..\..\Project_2\Materials\template-project-2\template-project-2\SDL2-2.0.10\include\SDL_audio.h">
      <Filter>Source Files</Filter>
    </ClInclude>
    <ClInclude Include="..\..\..\Project_2\Materials\template-project-2\template-project-2\SDL2-2.0.10\include\SDL_bits.h">
      <Filter>Source Files</Filter>
    </ClInclude>
    <ClInclude Include="..\..\..\Project_2\Materials\template-project-2\template-project-2\SDL2-2.0.10\include\SDL_blendmode.h">
      <Filter>Source Files</Filter>
    </ClInclude>
    <ClInclude Include="..\..\..\Project_2\Materials\template-project-2\template-project-2\SDL2-2.0.10\include\SDL_clipboard.h">
      <Filter>Source Files</Filter>
    </ClInclude>
    <ClInclude Include="..\..\..\Project_2\Materials\template-project-2\template-project-2\SDL2-2.0.10\include\SDL_config.h">
      <Filter>Source Files</Filter>
    </ClInclude>
    <ClInclude Include="..\..\..\Project_2\Materials\template-project-2\template-project-2\SDL2-2.0.10\include\SDL_config_android.h">
      <Filter>Source Files</Filter>
    </ClInclude>
    <ClInclude Include="..\..\..\Project_2\Materials\template-project-2\template-project-2\SDL2-2.0.10\include\SDL_config_iphoneos.h">
      <Filter>Source Files</Filter>
    </ClInclude>
    <ClInclude Include="..\..\..\Project_2\Materials\template-project-2\template-project-2\SDL2-2.0.10\include\SDL_config_macosx.h">
      <Filter>Source Files</Filter>
    </ClInclude>
    <ClInclude Include="..\..\..\Project_2\Materials\template-project-2\template-project-2\SDL2-2.0.10\include\SDL_config_minimal.h">
      <Filter>Source Files</Filter>
    </ClInclude>
    <ClInclude Include="..\..\..\Project_2\Materials\template-project-2\template-project-2\SDL2-2.0.10\include\SDL_config_pandora.h">
      <Filter>Source Files</Filter>
    </ClInclude>
    <ClInclude Include="..\..\..\Project_2\Materials\template-project-2\template-project-2\SDL2-2.0.10\include\SDL_config_psp.h">
      <Filter>Source Files</Filter>
    </ClInclude>
    <ClInclude Include="..\..\..\Project_2\Materials\template-project-2\template-project-2\SDL2-2.0.10\include\SDL_config_windows.h">
      <Filter>Source Files</Filter>
    </ClInclude>
    <ClInclude Include="..\..\..\Project_2\Materials\template-project-2\template-project-2\SDL2-2.0.10\include\SDL_config_winrt.h">
      <Filter>Source Files</Filter>
    </ClInclude>
    <ClInclude Include="..\..\..\Project_2\Materials\template-project-2\template-project-2\SDL2-2.0.10\include\SDL_config_wiz.h">
      <Filter>Source Files</Filter>
    </ClInclude>
    <ClInclude Include="..\..\..\Project_2\Materials\template-project-2\template-project-2\SDL2-2.0.10\include\SDL_copying.h">
      <Filter>Source Files</Filter>
    </ClInclude>
    <ClInclude Include="..\..\..\Project_2\Materials\template-project-2\template-project-2\SDL2-2.0.10\include\SDL_cpuinfo.h">
      <Filter>Source Files</Filter>
    </ClInclude>
    <ClInclude Include="..\..\..\Project_2\Materials\template-project-2\template-project-2\SDL2-2.0.10\include\SDL_egl.h">
      <Filter>Source Files</Filter>
    </ClInclude>
    <ClInclude Include="..\..\..\Project_2\Materials\template-project-2\template-project-2\SDL2-2.0.10\include\SDL_endian.h">
      <Filter>Source Files</Filter>
    </ClInclude>
    <ClInclude Include="..\..\..\Project_2\Materials\template-project-2\template-project-2\SDL2-2.0.10\include\SDL_error.h">
      <Filter>Source Files</Filter>
    </ClInclude>
    <ClInclude Include="..\..\..\Project_2\Materials\template-project-2\template-project-2\SDL2-2.0.10\include\SDL_events.h">
      <Filter>Source Files</Filter>
    </ClInclude>
    <ClInclude Include="..\..\..\Project_2\Materials\template-project-2\template-project-2\SDL2-2.0.10\include\SDL_filesystem.h">
      <Filter>Source Files</Filter>
    </ClInclude>
    <ClInclude Include="..\..\..\Project_2\Materials\template-project-2\template-project-2\SDL2-2.0.10\include\SDL_gamecontroller.h">
      <Filter>Source Files</Filter>
    </ClInclude>
    <ClInclude Include="..\..\..\Project_2\Materials\template-project-2\template-project-2\SDL2-2.0.10\include\SDL_gesture.h">
      <Filter>Source Files</Filter>
    </ClInclude>
    <ClInclude Include="..\..\..\Project_2\Materials\template-project-2\template-project-2\SDL2-2.0.10\include\SDL_haptic.h">
      <Filter>Source Files</Filter>
    </ClInclude>
    <ClInclude Include="..\..\..\Project_2\Materials\template-project-2\template-project-2\SDL2-2.0.10\include\SDL_hints.h">
      <Filter>Source Files</Filter>
    </ClInclude>
    <ClInclude Include="..\..\..\Project_2\Materials\template-project-2\template-project-2\SDL2-2.0.10\include\SDL_joystick.h">
      <Filter>Source Files</Filter>
    </ClInclude>
    <ClInclude Include="..\..\..\Project_2\Materials\template-project-2\template-project-2\SDL2-2.0.10\include\SDL_keyboard.h">
      <Filter>Source Files</Filter>
    </ClInclude>
    <ClInclude Include="..\..\..\Project_2\Materials\template-project-2\template-project-2\SDL2-2.0.10\include\SDL_keycode.h">
      <Filter>Source Files</Filter>
    </ClInclude>
    <ClInclude Include="..\..\..\Project_2\Materials\template-project-2\template-project-2\SDL2-2.0.10\include\SDL_loadso.h">
      <Filter>Source Files</Filter>
    </ClInclude>
    <ClInclude Include="..\..\..\Project_2\Materials\template-project-2\template-project-2\SDL2-2.0.10\include\SDL_log.h">
      <Filter>Source Files</Filter>
    </ClInclude>
    <ClInclude Include="..\..\..\Project_2\Materials\template-project-2\template-project-2\SDL2-2.0.10\include\SDL_main.h">
      <Filter>Source Files</Filter>
    </ClInclude>
    <ClInclude Include="..\..\..\Project_2\Materials\template-project-2\template-project-2\SDL2-2.0.10\include\SDL_messagebox.h">
      <Filter>Source Files</Filter>
    </ClInclude>
    <ClInclude Include="..\..\..\Project_2\Materials\template-project-2\template-project-2\SDL2-2.0.10\include\SDL_mouse.h">
      <Filter>Source Files</Filter>
    </ClInclude>
    <ClInclude Include="..\..\..\Project_2\Materials\template-project-2\template-project-2\SDL2-2.0.10\include\SDL_mutex.h">
      <Filter>Source Files</Filter>
    </ClInclude>
    <ClInclude Include="..\..\..\Project_2\Materials\template-project-2\template-project-2\SDL2-2.0.10\include\SDL_name.h">
      <Filter>Source Files</Filter>
    </ClInclude>
    <ClInclude Include="..\..\..\Project_2\Materials\template-project-2\template-project-2\SDL2-2.0.10\include\SDL_opengl.h">
      <Filter>Source Files</Filter>
    </ClInclude>
    <ClInclude Include="..\..\..\Project_2\Materials\template-project-2\template-project-2\SDL2-2.0.10\include\SDL_opengles.h">
      <Filter>Source Files</Filter>
    </ClInclude>
    <ClInclude Include="..\..\..\Project_2\Materials\template-project-2\template-project-2\SDL2-2.0.10\include\SDL_opengles2.h">
      <Filter>Source Files</Filter>
    </ClInclude>
    <ClInclude Include="..\..\..\Project_2\Materials\template-project-2\template-project-2\SDL2-2.0.10\include\SDL_opengles2_gl2.h">
      <Filter>Source Files</Filter>
    </ClInclude>
    <ClInclude Include="..\..\..\Project_2\Materials\template-project-2\template-project-2\SDL2-2.0.10\include\SDL_opengles2_gl2ext.h">
      <Filter>Source Files</Filter>
    </ClInclude>
    <ClInclude Include="..\..\..\Project_2\Materials\template-project-2\template-project-2\SDL2-2.0.10\include\SDL_opengles2_gl2platform.h">
      <Filter>Source Files</Filter>
    </ClInclude>
    <ClInclude Include="..\..\..\Project_2\Materials\template-project-2\template-project-2\SDL2-2.0.10\include\SDL_opengles2_khrplatform.h">
      <Filter>Source Files</Filter>
    </ClInclude>
    <ClInclude Include="..\..\..\Project_2\Materials\template-project-2\template-project-2\SDL2-2.0.10\include\SDL_opengl_glext.h">
      <Filter>Source Files</Filter>
    </ClInclude>
    <ClInclude Include="..\..\..\Project_2\Materials\template-project-2\template-project-2\SDL2-2.0.10\include\SDL_pixels.h">
      <Filter>Source Files</Filter>
    </ClInclude>
    <ClInclude Include="..\..\..\Project_2\Materials\template-project-2\template-project-2\SDL2-2.0.10\include\SDL_platform.h">
      <Filter>Source Files</Filter>
    </ClInclude>
    <ClInclude Include="..\..\..\Project_2\Materials\template-project-2\template-project-2\SDL2-2.0.10\include\SDL_power.h">
      <Filter>Source Files</Filter>
    </ClInclude>
    <ClInclude Include="..\..\..\Project_2\Materials\template-project-2\template-project-2\SDL2-2.0.10\include\SDL_quit.h">
      <Filter>Source Files</Filter>
    </ClInclude>
    <ClInclude Include="..\..\..\Project_2\Materials\template-project-2\template-project-2\SDL2-2.0.10\include\SDL_rect.h">
      <Filter>Source Files</Filter>
    </ClInclude>
    <ClInclude Include="..\..\..\Project_2\Materials\template-project-2\template-project-2\SDL2-2.0.10\include\SDL_render.h">
      <Filter>Source Files</Filter>
    </ClInclude>
    <ClInclude Include="..\..\..\Project_2\Materials\template-project-2\template-project-2\SDL2-2.0.10\include\SDL_revision.h">
      <Filter>Source Files</Filter>
    </ClInclude>
    <ClInclude Include="..\..\..\Project_2\Materials\template-project-2\template-project-2\SDL2-2.0.10\include\SDL_rwops.h">
      <Filter>Source Files</Filter>
    </ClInclude>
    <ClInclude Include="..\..\..\Project_2\Materials\template-project-2\template-project-2\SDL2-2.0.10\include\SDL_scancode.h">
      <Filter>Source Files</Filter>
    </ClInclude>
    <ClInclude Include="..\..\..\Project_2\Materials\template-project-2\template-project-2\SDL2-2.0.10\include\SDL_sensor.h">
      <Filter>Source Files</Filter>
    </ClInclude>
    <ClInclude Include="..\..\..\Project_2\Materials\template-project-2\template-project-2\SDL2-2.0.10\include\SDL_shape.h">
      <Filter>Source Files</Filter>
    </ClInclude>
    <ClInclude Include="..\..\..\Project_2\Materials\template-project-2\template-project-2\SDL2-2.0.10\include\SDL_stdinc.h">
      <Filter>Source Files</Filter>
    </ClInclude>
    <ClInclude Include="..\..\..\Project_2\Materials\template-project-2\template-project-2\SDL2-2.0.10\include\SDL_surface.h">
      <Filter>Source Files</Filter>
    </ClInclude>
    <ClInclude Include="..\..\..\Project_2\Materials\template-project-2\template-project-2\SDL2-2.0.10\include\SDL_system.h">
      <Filter>Source Files</Filter>
    </ClInclude>
    <ClInclude Include="..\..\..\Project_2\Materials\template-project-2\template-project-2\SDL2-2.0.10\include\SDL_syswm.h">
      <Filter>Source Files</Filter>
    </ClInclude>
    <ClInclude Include="..\..\..\Project_2\Materials\template-project-2\template-project-2\SDL2-2.0.10\include\SDL_test.h">
      <Filter>Source Files</Filter>
    </ClInclude>
    <ClInclude Include="..\..\..\Project_2\Materials\template-project-2\template-project-2\SDL2-2.0.10\include\SDL_test_assert.h">
      <Filter>Source Files</Filter>
    </ClInclude>
    <ClInclude Include="..\..\..\Project_2\Materials\template-project-2\template-project-2\SDL2-2.0.10\include\SDL_test_common.h">
      <Filter>Source Files</Filter>
    </ClInclude>
    <ClInclude Include="..\..\..\Project_2\Materials\template-project-2\template-project-2\SDL2-2.0.10\include\SDL_test_compare.h">
      <Filter>Source Files</Filter>
    </ClInclude>
    <ClInclude Include="..\..\..\Project_2\Materials\template-project-2\template-project-2\SDL2-2.0.10\include\SDL_test_crc32.h">
      <Filter>Source Files</Filter>
    </ClInclude>
    <ClInclude Include="..\..\..\Project_2\Materials\template-project-2\template-project-2\SDL2-2.0.10\include\SDL_test_font.h">
      <Filter>Source Files</Filter>
    </ClInclude>
    <ClInclude Include="..\..\..\Project_2\Materials\template-project-2\template-project-2\SDL2-2.0.10\include\SDL_test_fuzzer.h">
      <Filter>Source Files</Filter>
    </ClInclude>
    <ClInclude Include="..\..\..\Project_2\Materials\template-project-2\template-project-2\SDL2-2.0.10\include\SDL_test_harness.h">
      <Filter>Source Files</Filter>
    </ClInclude>
    <ClInclude Include="..\..\..\Project_2\Materials\template-project-2\template-project-2\SDL2-2.0.10\include\SDL_test_images.h">
      <Filter>Source Files</Filter>
    </ClInclude>
    <ClInclude Include="..\..\..\Project_2\Materials\template-project-2\template-project-2\SDL2-2.0.10\include\SDL_test_log.h">
      <Filter>Source Files</Filter>
    </ClInclude>
    <ClInclude Include="..\..\..\Project_2\Materials\template-project-2\template-project-2\SDL2-2.0.10\include\SDL_test_md5.h">
      <Filter>Source Files</Filter>
    </ClInclude>
    <ClInclude Include="..\..\..\Project_2\Materials\template-project-2\template-project-2\SDL2-2.0.10\include\SDL_test_memory.h">
      <Filter>Source Files</Filter>
    </ClInclude>
    <ClInclude Include="..\..\..\Project_2\Materials\template-project-2\template-project-2\SDL2-2.0.10\include\SDL_test_random.h">
      <Filter>Source Files</Filter>
    </ClInclude>
    <ClInclude Include="..\..\..\Project_2\Materials\template-project-2\template-project-2\SDL2-2.0.10\include\SDL_thread.h">
      <Filter>Source Files</Filter>
    </ClInclude>
    <ClInclude Include="..\..\..\Project_2\Materials\template-project-2\template-project-2\SDL2-2.0.10\include\SDL_timer.h">
      <Filter>Source Files</Filter>
    </ClInclude>
    <ClInclude Include="..\..\..\Project_2\Materials\template-project-2\template-project-2\SDL2-2.0.10\include\SDL_touch.h">
      <Filter>Source Files</Filter>
    </ClInclude>
    <ClInclude Include="..\..\..\Project_2\Materials\template-project-2\template-project-2\SDL2-2.0.10\include\SDL_types.h">
      <Filter>Source Files</Filter>
    </ClInclude>
    <ClInclude Include="..\..\..\Project_2\Materials\template-project-2\template-project-2\SDL2-2.0.10\include\SDL_version.h">
      <Filter>Source Files</Filter>
    </ClInclude>
    <ClInclude Include="..\..\..\Project_2\Materials\template-project-2\template-project-2\SDL2-2.0.10\include\SDL_video.h">
      <Filter>Source Files</Filter>
    </ClInclude>
    <ClInclude Include="..\..\..\Project_2\Materials\template-project-2\template-project-2\SDL2-2.0.10\include\SDL_vulkan.h">
      <Filter>Source Files</Filter>
    </ClInclude>
  </ItemGroup>
  <ItemGroup>
    <None Include="..\..\..\Project_2\Materials\template-project-2\template-project-2\comp">
      <Filter>Source Files</Filter>
    </None>
    <None Include="..\..\..\Project_2\Materials\template-project-2\template-project-2\szablon2vs17.vcxproj">
      <Filter>Source Files</Filter>
    </None>
    <None Include="..\..\..\Project_2\Materials\template-project-2\template-project-2\szablon2vs19.vcxproj">
      <Filter>Source Files</Filter>
    </None>
  </ItemGroup>
  <ItemGroup>
    <Image Include="..\..\..\Project_2\Materials\template-project-2\template-project-2\cs8x8.bmp">
      <Filter>Source Files</Filter>
    </Image>
    <Image Include="..\..\..\Project_2\Materials\template-project-2\template-project-2\eti.bmp">
      <Filter>Source Files</Filter>
    </Image>
  </ItemGroup>
  <ItemGroup>
    <Library Include="..\..\..\Project_2\Materials\template-project-2\template-project-2\libSDL2.a">
      <Filter>Source Files</Filter>
    </Library>
  </ItemGroup>
  <ItemGroup>
    <ClCompile Include="..\..\..\Project_2\Materials\template-project-2\template-project-2\main.cpp">
      <Filter>Source Files</Filter>
    </ClCompile>
  </ItemGroup>
</Project>